
Microsoft Visual Studio Solution File, Format Version 12.00
# Visual Studio Version 16
VisualStudioVersion = 16.0.28315.86
MinimumVisualStudioVersion = 10.0.40219.1
Project("{9A19103F-16F7-4668-BE54-9A1E7A4F7556}") = "LoggingWithSerilogInAspNetCore", "LoggingWithSerilogInAspNetCore\LoggingWithSerilogInAspNetCore.csproj", "{C47472CC-D806-44A9-A33E-D0473C2EF7C3}"
EndProject
Global
	GlobalSection(SolutionConfigurationPlatforms) = preSolution
		Debug|Any CPU = Debug|Any CPU
		Release|Any CPU = Release|Any CPU
	EndGlobalSection
	GlobalSection(ProjectConfigurationPlatforms) = postSolution
		{C47472CC-D806-44A9-A33E-D0473C2EF7C3}.Debug|Any CPU.ActiveCfg = Debug|Any CPU
		{C47472CC-D806-44A9-A33E-D0473C2EF7C3}.Debug|Any CPU.Build.0 = Debug|Any CPU
		{C47472CC-D806-44A9-A33E-D0473C2EF7C3}.Release|Any CPU.ActiveCfg = Release|Any CPU
		{C47472CC-D806-44A9-A33E-D0473C2EF7C3}.Release|Any CPU.Build.0 = Release|Any CPU
	EndGlobalSection
	GlobalSection(SolutionProperties) = preSolution
		HideSolutionNode = FALSE
	EndGlobalSection
	GlobalSection(ExtensibilityGlobals) = postSolution
		SolutionGuid = {048EDE8D-B480-48C0-BCC6-DD68566C6DF6}
	EndGlobalSection
EndGlobal
